
Microsoft Visual Studio Solution File, Format Version 12.00
# Visual Studio Version 17
VisualStudioVersion = 17.10.34916.146
MinimumVisualStudioVersion = 10.0.40219.1
Project("{FAE04EC0-301F-11D3-BF4B-00C04F79EFBC}") = "if else and switch cases", "if else and switch cases\if else and switch cases.csproj", "{97AE9E6B-1F62-4DDA-B799-9C1FFC98EAC7}"
EndProject
Global
	GlobalSection(SolutionConfigurationPlatforms) = preSolution
		Debug|Any CPU = Debug|Any CPU
		Release|Any CPU = Release|Any CPU
	EndGlobalSection
	GlobalSection(ProjectConfigurationPlatforms) = postSolution
		{97AE9E6B-1F62-4DDA-B799-9C1FFC98EAC7}.Debug|Any CPU.ActiveCfg = Debug|Any CPU
		{97AE9E6B-1F62-4DDA-B799-9C1FFC98EAC7}.Debug|Any CPU.Build.0 = Debug|Any CPU
		{97AE9E6B-1F62-4DDA-B799-9C1FFC98EAC7}.Release|Any CPU.ActiveCfg = Release|Any CPU
		{97AE9E6B-1F62-4DDA-B799-9C1FFC98EAC7}.Release|Any CPU.Build.0 = Release|Any CPU
	EndGlobalSection
	GlobalSection(SolutionProperties) = preSolution
		HideSolutionNode = FALSE
	EndGlobalSection
	GlobalSection(ExtensibilityGlobals) = postSolution
		SolutionGuid = {C4446065-9BD6-4A7E-B9C6-C5C17BAF58F7}
	EndGlobalSection
EndGlobal
