
Microsoft Visual Studio Solution File, Format Version 12.00
# Visual Studio Version 17
VisualStudioVersion = 17.10.34916.146
MinimumVisualStudioVersion = 10.0.40219.1
Project("{FAE04EC0-301F-11D3-BF4B-00C04F79EFBC}") = "quiz programm", "quiz programm\quiz programm.csproj", "{37D2D2F1-1071-44D3-82A5-69AF77738B38}"
EndProject
Global
	GlobalSection(SolutionConfigurationPlatforms) = preSolution
		Debug|Any CPU = Debug|Any CPU
		Release|Any CPU = Release|Any CPU
	EndGlobalSection
	GlobalSection(ProjectConfigurationPlatforms) = postSolution
		{37D2D2F1-1071-44D3-82A5-69AF77738B38}.Debug|Any CPU.ActiveCfg = Debug|Any CPU
		{37D2D2F1-1071-44D3-82A5-69AF77738B38}.Debug|Any CPU.Build.0 = Debug|Any CPU
		{37D2D2F1-1071-44D3-82A5-69AF77738B38}.Release|Any CPU.ActiveCfg = Release|Any CPU
		{37D2D2F1-1071-44D3-82A5-69AF77738B38}.Release|Any CPU.Build.0 = Release|Any CPU
	EndGlobalSection
	GlobalSection(SolutionProperties) = preSolution
		HideSolutionNode = FALSE
	EndGlobalSection
	GlobalSection(ExtensibilityGlobals) = postSolution
		SolutionGuid = {32E15DA7-6002-4BF0-8206-5B30EBF11AD2}
	EndGlobalSection
EndGlobal
