
Microsoft Visual Studio Solution File, Format Version 12.00
# Visual Studio Version 17
VisualStudioVersion = 17.10.34916.146
MinimumVisualStudioVersion = 10.0.40219.1
Project("{FAE04EC0-301F-11D3-BF4B-00C04F79EFBC}") = "patika+", "patika+\patika+.csproj", "{AA069543-3480-4A3F-AE7D-05DE979EFDBF}"
EndProject
Global
	GlobalSection(SolutionConfigurationPlatforms) = preSolution
		Debug|Any CPU = Debug|Any CPU
		Release|Any CPU = Release|Any CPU
	EndGlobalSection
	GlobalSection(ProjectConfigurationPlatforms) = postSolution
		{AA069543-3480-4A3F-AE7D-05DE979EFDBF}.Debug|Any CPU.ActiveCfg = Debug|Any CPU
		{AA069543-3480-4A3F-AE7D-05DE979EFDBF}.Debug|Any CPU.Build.0 = Debug|Any CPU
		{AA069543-3480-4A3F-AE7D-05DE979EFDBF}.Release|Any CPU.ActiveCfg = Release|Any CPU
		{AA069543-3480-4A3F-AE7D-05DE979EFDBF}.Release|Any CPU.Build.0 = Release|Any CPU
	EndGlobalSection
	GlobalSection(SolutionProperties) = preSolution
		HideSolutionNode = FALSE
	EndGlobalSection
	GlobalSection(ExtensibilityGlobals) = postSolution
		SolutionGuid = {56B52D3C-CA04-47C5-BBFC-74E389D29628}
	EndGlobalSection
EndGlobal
